
Microsoft Visual Studio Solution File, Format Version 12.00
# Visual Studio Version 17
VisualStudioVersion = 17.7.34031.279
MinimumVisualStudioVersion = 10.0.40219.1
Project("{FAE04EC0-301F-11D3-BF4B-00C04F79EFBC}") = "Labb 7-  OOP Polymorphism", "Labb 7-  OOP Polymorphism.csproj", "{D3D0B89D-BA17-4613-A12D-35116791D908}"
EndProject
Global
	GlobalSection(SolutionConfigurationPlatforms) = preSolution
		Debug|Any CPU = Debug|Any CPU
		Release|Any CPU = Release|Any CPU
	EndGlobalSection
	GlobalSection(ProjectConfigurationPlatforms) = postSolution
		{D3D0B89D-BA17-4613-A12D-35116791D908}.Debug|Any CPU.ActiveCfg = Debug|Any CPU
		{D3D0B89D-BA17-4613-A12D-35116791D908}.Debug|Any CPU.Build.0 = Debug|Any CPU
		{D3D0B89D-BA17-4613-A12D-35116791D908}.Release|Any CPU.ActiveCfg = Release|Any CPU
		{D3D0B89D-BA17-4613-A12D-35116791D908}.Release|Any CPU.Build.0 = Release|Any CPU
	EndGlobalSection
	GlobalSection(SolutionProperties) = preSolution
		HideSolutionNode = FALSE
	EndGlobalSection
	GlobalSection(ExtensibilityGlobals) = postSolution
		SolutionGuid = {3597AC09-129E-4462-A66D-D798676B3600}
	EndGlobalSection
EndGlobal
